
Microsoft Visual Studio Solution File, Format Version 12.00
# Visual Studio Version 16
VisualStudioVersion = 16.0.30611.23
MinimumVisualStudioVersion = 10.0.40219.1
Project("{FAE04EC0-301F-11D3-BF4B-00C04F79EFBC}") = "ConsoleApp1_NormalExamples1", "ConsoleApp1_NormalExamples1\ConsoleApp1_NormalExamples1.csproj", "{ABA7FA7C-2A08-40B8-AE75-3FFD6C8FDF8B}"
EndProject
Global
	GlobalSection(SolutionConfigurationPlatforms) = preSolution
		Debug|Any CPU = Debug|Any CPU
		Release|Any CPU = Release|Any CPU
	EndGlobalSection
	GlobalSection(ProjectConfigurationPlatforms) = postSolution
		{ABA7FA7C-2A08-40B8-AE75-3FFD6C8FDF8B}.Debug|Any CPU.ActiveCfg = Debug|Any CPU
		{ABA7FA7C-2A08-40B8-AE75-3FFD6C8FDF8B}.Debug|Any CPU.Build.0 = Debug|Any CPU
		{ABA7FA7C-2A08-40B8-AE75-3FFD6C8FDF8B}.Release|Any CPU.ActiveCfg = Release|Any CPU
		{ABA7FA7C-2A08-40B8-AE75-3FFD6C8FDF8B}.Release|Any CPU.Build.0 = Release|Any CPU
	EndGlobalSection
	GlobalSection(SolutionProperties) = preSolution
		HideSolutionNode = FALSE
	EndGlobalSection
	GlobalSection(ExtensibilityGlobals) = postSolution
		SolutionGuid = {D9E55360-8B8E-4CEB-82B2-F70CE1250560}
	EndGlobalSection
EndGlobal
